
Microsoft Visual Studio Solution File, Format Version 12.00
# Visual Studio Version 16
VisualStudioVersion = 16.0.29201.188
MinimumVisualStudioVersion = 10.0.40219.1
Project("{9A19103F-16F7-4668-BE54-9A1E7A4F7556}") = "Itec.Common", "Itec.Common.csproj", "{7FA5E4F7-D843-4562-A2D0-7B0038F65514}"
EndProject
Global
	GlobalSection(SolutionConfigurationPlatforms) = preSolution
		Debug|Any CPU = Debug|Any CPU
		Release|Any CPU = Release|Any CPU
	EndGlobalSection
	GlobalSection(ProjectConfigurationPlatforms) = postSolution
		{7FA5E4F7-D843-4562-A2D0-7B0038F65514}.Debug|Any CPU.ActiveCfg = Debug|Any CPU
		{7FA5E4F7-D843-4562-A2D0-7B0038F65514}.Debug|Any CPU.Build.0 = Debug|Any CPU
		{7FA5E4F7-D843-4562-A2D0-7B0038F65514}.Release|Any CPU.ActiveCfg = Release|Any CPU
		{7FA5E4F7-D843-4562-A2D0-7B0038F65514}.Release|Any CPU.Build.0 = Release|Any CPU
	EndGlobalSection
	GlobalSection(SolutionProperties) = preSolution
		HideSolutionNode = FALSE
	EndGlobalSection
	GlobalSection(ExtensibilityGlobals) = postSolution
		SolutionGuid = {ECCDBFD6-47AA-4F73-86E5-68482A13E0AE}
	EndGlobalSection
EndGlobal
